
Microsoft Visual Studio Solution File, Format Version 12.00
# Visual Studio Version 16
VisualStudioVersion = 16.0.30413.136
MinimumVisualStudioVersion = 10.0.40219.1
Project("{FAE04EC0-301F-11D3-BF4B-00C04F79EFBC}") = "CycleAlarmApp.Android", "CycleAlarmApp\CycleAlarmApp.Android\CycleAlarmApp.Android.csproj", "{33D4E490-3775-48C4-9A6D-3F7E486648CB}"
EndProject
Project("{FAE04EC0-301F-11D3-BF4B-00C04F79EFBC}") = "CycleAlarmApp", "CycleAlarmApp\CycleAlarmApp\CycleAlarmApp.csproj", "{29D508DC-5DE2-4E1A-8A42-CEB4A7532EDD}"
EndProject
Global
	GlobalSection(SolutionConfigurationPlatforms) = preSolution
		Debug|Any CPU = Debug|Any CPU
		Release|Any CPU = Release|Any CPU
	EndGlobalSection
	GlobalSection(ProjectConfigurationPlatforms) = postSolution
		{33D4E490-3775-48C4-9A6D-3F7E486648CB}.Debug|Any CPU.ActiveCfg = Debug|Any CPU
		{33D4E490-3775-48C4-9A6D-3F7E486648CB}.Debug|Any CPU.Build.0 = Debug|Any CPU
		{33D4E490-3775-48C4-9A6D-3F7E486648CB}.Debug|Any CPU.Deploy.0 = Debug|Any CPU
		{33D4E490-3775-48C4-9A6D-3F7E486648CB}.Release|Any CPU.ActiveCfg = Release|Any CPU
		{33D4E490-3775-48C4-9A6D-3F7E486648CB}.Release|Any CPU.Build.0 = Release|Any CPU
		{33D4E490-3775-48C4-9A6D-3F7E486648CB}.Release|Any CPU.Deploy.0 = Release|Any CPU
		{29D508DC-5DE2-4E1A-8A42-CEB4A7532EDD}.Debug|Any CPU.ActiveCfg = Debug|Any CPU
		{29D508DC-5DE2-4E1A-8A42-CEB4A7532EDD}.Debug|Any CPU.Build.0 = Debug|Any CPU
		{29D508DC-5DE2-4E1A-8A42-CEB4A7532EDD}.Release|Any CPU.ActiveCfg = Release|Any CPU
		{29D508DC-5DE2-4E1A-8A42-CEB4A7532EDD}.Release|Any CPU.Build.0 = Release|Any CPU
	EndGlobalSection
	GlobalSection(SolutionProperties) = preSolution
		HideSolutionNode = FALSE
	EndGlobalSection
	GlobalSection(ExtensibilityGlobals) = postSolution
		SolutionGuid = {A38B704A-4352-4814-B1AA-B0DA9FACC6D4}
	EndGlobalSection
EndGlobal
